// !$*UTF8*$!
{
	archiveVersion = 1;
	classes = {
	};
	objectVersion = 50;
	objects = {

/* Begin PBXBuildFile section */
		2C83BE7925826EE800A85007 /* Task.swift in Sources */ = {isa = PBXBuildFile; fileRef = 2C83BE7825826EE800A85007 /* Task.swift */; };
		2C83BE7C258270E800A85007 /* TaskDataSource.swift in Sources */ = {isa = PBXBuildFile; fileRef = 2C83BE7B258270E800A85007 /* TaskDataSource.swift */; };
		6343B5B2258103D7005F8B49 /* AppDelegate.swift in Sources */ = {isa = PBXBuildFile; fileRef = 6343B5B1258103D7005F8B49 /* AppDelegate.swift */; };
		6343B5B4258103D7005F8B49 /* SceneDelegate.swift in Sources */ = {isa = PBXBuildFile; fileRef = 6343B5B3258103D7005F8B49 /* SceneDelegate.swift */; };
		6343B5B9258103D7005F8B49 /* Main.storyboard in Resources */ = {isa = PBXBuildFile; fileRef = 6343B5B7258103D7005F8B49 /* Main.storyboard */; };
		6343B5BB258103DC005F8B49 /* Assets.xcassets in Resources */ = {isa = PBXBuildFile; fileRef = 6343B5BA258103DC005F8B49 /* Assets.xcassets */; };
		6343B5BE258103DC005F8B49 /* LaunchScreen.storyboard in Resources */ = {isa = PBXBuildFile; fileRef = 6343B5BC258103DC005F8B49 /* LaunchScreen.storyboard */; };
		6343B5C62581094C005F8B49 /* TaskTableViewController.swift in Sources */ = {isa = PBXBuildFile; fileRef = 6343B5C52581094C005F8B49 /* TaskTableViewController.swift */; };
/* End PBXBuildFile section */

/* Begin PBXFileReference section */
		2C83BE7825826EE800A85007 /* Task.swift */ = {isa = PBXFileReference; lastKnownFileType = sourcecode.swift; path = Task.swift; sourceTree = "<group>"; };
		2C83BE7B258270E800A85007 /* TaskDataSource.swift */ = {isa = PBXFileReference; lastKnownFileType = sourcecode.swift; path = TaskDataSource.swift; sourceTree = "<group>"; };
		6343B5AE258103D7005F8B49 /* toDoList("Tasks").app */ = {isa = PBXFileReference; explicitFileType = wrapper.application; includeInIndex = 0; path = "toDoList(\"Tasks\").app"; sourceTree = BUILT_PRODUCTS_DIR; };
		6343B5B1258103D7005F8B49 /* AppDelegate.swift */ = {isa = PBXFileReference; lastKnownFileType = sourcecode.swift; path = AppDelegate.swift; sourceTree = "<group>"; };
		6343B5B3258103D7005F8B49 /* SceneDelegate.swift */ = {isa = PBXFileReference; lastKnownFileType = sourcecode.swift; path = SceneDelegate.swift; sourceTree = "<group>"; };
		6343B5B8258103D7005F8B49 /* Base */ = {isa = PBXFileReference; lastKnownFileType = file.storyboard; name = Base; path = Base.lproj/Main.storyboard; sourceTree = "<group>"; };
		6343B5BA258103DC005F8B49 /* Assets.xcassets */ = {isa = PBXFileReference; lastKnownFileType = folder.assetcatalog; path = Assets.xcassets; sourceTree = "<group>"; };
		6343B5BD258103DC005F8B49 /* Base */ = {isa = PBXFileReference; lastKnownFileType = file.storyboard; name = Base; path = Base.lproj/LaunchScreen.storyboard; sourceTree = "<group>"; };
		6343B5BF258103DC005F8B49 /* Info.plist */ = {isa = PBXFileReference; lastKnownFileType = text.plist.xml; path = Info.plist; sourceTree = "<group>"; };
		6343B5C52581094C005F8B49 /* TaskTableViewController.swift */ = {isa = PBXFileReference; lastKnownFileType = sourcecode.swift; path = TaskTableViewController.swift; sourceTree = "<group>"; };
/* End PBXFileReference section */

/* Begin PBXFrameworksBuildPhase section */
		6343B5AB258103D7005F8B49 /* Frameworks */ = {
			isa = PBXFrameworksBuildPhase;
			buildActionMask = 2147483647;
			files = (
			);
			runOnlyForDeploymentPostprocessing = 0;
		};
/* End PBXFrameworksBuildPhase section */

/* Begin PBXGroup section */
		6343B5A5258103D7005F8B49 = {
			isa = PBXGroup;
			children = (
				6343B5B0258103D7005F8B49 /* toDoList("Tasks") */,
				6343B5AF258103D7005F8B49 /* Products */,
			);
			sourceTree = "<group>";
		};
		6343B5AF258103D7005F8B49 /* Products */ = {
			isa = PBXGroup;
			children = (
				6343B5AE258103D7005F8B49 /* toDoList("Tasks").app */,
			);
			name = Products;
			sourceTree = "<group>";
		};
		6343B5B0258103D7005F8B49 /* toDoList("Tasks") */ = {
			isa = PBXGroup;
			children = (
				6343B5B1258103D7005F8B49 /* AppDelegate.swift */,
				6343B5B3258103D7005F8B49 /* SceneDelegate.swift */,
				6343B5C52581094C005F8B49 /* TaskTableViewController.swift */,
				2C83BE7825826EE800A85007 /* Task.swift */,
				2C83BE7B258270E800A85007 /* TaskDataSource.swift */,
				6343B5B7258103D7005F8B49 /* Main.storyboard */,
				6343B5BA258103DC005F8B49 /* Assets.xcassets */,
				6343B5BC258103DC005F8B49 /* LaunchScreen.storyboard */,
				6343B5BF258103DC005F8B49 /* Info.plist */,
			);
			path = "toDoList(\"Tasks\")";
			sourceTree = "<group>";
		};
/* End PBXGroup section */

/* Begin PBXNativeTarget section */
		6343B5AD258103D7005F8B49 /* toDoList("Tasks") */ = {
			isa = PBXNativeTarget;
			buildConfigurationList = 6343B5C2258103DC005F8B49 /* Build configuration list for PBXNativeTarget "toDoList("Tasks")" */;
			buildPhases = (
				6343B5AA258103D7005F8B49 /* Sources */,
				6343B5AB258103D7005F8B49 /* Frameworks */,
				6343B5AC258103D7005F8B49 /* Resources */,
			);
			buildRules = (
			);
			dependencies = (
			);
			name = "toDoList(\"Tasks\")";
			productName = "toDoList(\"Tasks\")";
			productReference = 6343B5AE258103D7005F8B49 /* toDoList("Tasks").app */;
			productType = "com.apple.product-type.application";
		};
/* End PBXNativeTarget section */

/* Begin PBXProject section */
		6343B5A6258103D7005F8B49 /* Project object */ = {
			isa = PBXProject;
			attributes = {
				LastSwiftUpdateCheck = 1120;
				LastUpgradeCheck = 1120;
				ORGANIZATIONNAME = "Sergey Golenko";
				TargetAttributes = {
					6343B5AD258103D7005F8B49 = {
						CreatedOnToolsVersion = 11.2.1;
					};
				};
			};
			buildConfigurationList = 6343B5A9258103D7005F8B49 /* Build configuration list for PBXProject "toDoList("Tasks")" */;
			compatibilityVersion = "Xcode 9.3";
			developmentRegion = en;
			hasScannedForEncodings = 0;
			knownRegions = (
				en,
				Base,
			);
			mainGroup = 6343B5A5258103D7005F8B49;
			productRefGroup = 6343B5AF258103D7005F8B49 /* Products */;
			projectDirPath = "";
			projectRoot = "";
			targets = (
				6343B5AD258103D7005F8B49 /* toDoList("Tasks") */,
			);
		};
/* End PBXProject section */

/* Begin PBXResourcesBuildPhase section */
		6343B5AC258103D7005F8B49 /* Resources */ = {
			isa = PBXResourcesBuildPhase;
			buildActionMask = 2147483647;
			files = (
				6343B5BE258103DC005F8B49 /* LaunchScreen.storyboard in Resources */,
				6343B5BB258103DC005F8B49 /* Assets.xcassets in Resources */,
				6343B5B9258103D7005F8B49 /* Main.storyboard in Resources */,
			);
			runOnlyForDeploymentPostprocessing = 0;
		};
/* End PBXResourcesBuildPhase section */

/* Begin PBXSourcesBuildPhase section */
		6343B5AA258103D7005F8B49 /* Sources */ = {
			isa = PBXSourcesBuildPhase;
			buildActionMask = 2147483647;
			files = (
				2C83BE7925826EE800A85007 /* Task.swift in Sources */,
				6343B5B2258103D7005F8B49 /* AppDelegate.swift in Sources */,
				6343B5C62581094C005F8B49 /* TaskTableViewController.swift in Sources */,
				2C83BE7C258270E800A85007 /* TaskDataSource.swift in Sources */,
				6343B5B4258103D7005F8B49 /* SceneDelegate.swift in Sources */,
			);
			runOnlyForDeploymentPostprocessing = 0;
		};
/* End PBXSourcesBuildPhase section */

/* Begin PBXVariantGroup section */
		6343B5B7258103D7005F8B49 /* Main.storyboard */ = {
			isa = PBXVariantGroup;
			children = (
				6343B5B8258103D7005F8B49 /* Base */,
			);
			name = Main.storyboard;
			sourceTree = "<group>";
		};
		6343B5BC258103DC005F8B49 /* LaunchScreen.storyboard */ = {
			isa = PBXVariantGroup;
			children = (
				6343B5BD258103DC005F8B49 /* Base */,
			);
			name = LaunchScreen.storyboard;
			sourceTree = "<group>";
		};
/* End PBXVariantGroup section */

/* Begin XCBuildConfiguration section */
		6343B5C0258103DC005F8B49 /* Debug */ = {
			isa = XCBuildConfiguration;
			buildSettings = {
				ALWAYS_SEARCH_USER_PATHS = NO;
				CLANG_ANALYZER_NONNULL = YES;
				CLANG_ANALYZER_NUMBER_OBJECT_CONVERSION = YES_AGGRESSIVE;
				CLANG_CXX_LANGUAGE_STANDARD = "gnu++14";
				CLANG_CXX_LIBRARY = "libc++";
				CLANG_ENABLE_MODULES = YES;
				CLANG_ENABLE_OBJC_ARC = YES;
				CLANG_ENABLE_OBJC_WEAK = YES;
				CLANG_WARN_BLOCK_CAPTURE_AUTORELEASING = YES;
				CLANG_WARN_BOOL_CONVERSION = YES;
				CLANG_WARN_COMMA = YES;
				CLANG_WARN_CONSTANT_CONVERSION = YES;
				CLANG_WARN_DEPRECATED_OBJC_IMPLEMENTATIONS = YES;
				CLANG_WARN_DIRECT_OBJC_ISA_USAGE = YES_ERROR;
				CLANG_WARN_DOCUMENTATION_COMMENTS = YES;
				CLANG_WARN_EMPTY_BODY = YES;
				CLANG_WARN_ENUM_CONVERSION = YES;
				CLANG_WARN_INFINITE_RECURSION = YES;
				CLANG_WARN_INT_CONVERSION = YES;
				CLANG_WARN_NON_LITERAL_NULL_CONVERSION = YES;
				CLANG_WARN_OBJC_IMPLICIT_RETAIN_SELF = YES;
				CLANG_WARN_OBJC_LITERAL_CONVERSION = YES;
				CLANG_WARN_OBJC_ROOT_CLASS = YES_ERROR;
				CLANG_WARN_RANGE_LOOP_ANALYSIS = YES;
				CLANG_WARN_STRICT_PROTOTYPES = YES;
				CLANG_WARN_SUSPICIOUS_MOVE = YES;
				CLANG_WARN_UNGUARDED_AVAILABILITY = YES_AGGRESSIVE;
				CLANG_WARN_UNREACHABLE_CODE = YES;
				CLANG_WARN__DUPLICATE_METHOD_MATCH = YES;
				COPY_PHASE_STRIP = NO;
				DEBUG_INFORMATION_FORMAT = dwarf;
				ENABLE_STRICT_OBJC_MSGSEND = YES;
				ENABLE_TESTABILITY = YES;
				GCC_C_LANGUAGE_STANDARD = gnu11;
				GCC_DYNAMIC_NO_PIC = NO;
				GCC_NO_COMMON_BLOCKS = YES;
				GCC_OPTIMIZATION_LEVEL = 0;
				GCC_PREPROCESSOR_DEFINITIONS = (
					"DEBUG=1",
					"$(inherited)",
				);
				GCC_WARN_64_TO_32_BIT_CONVERSION = YES;
				GCC_WARN_ABOUT_RETURN_TYPE = YES_ERROR;
				GCC_WARN_UNDECLARED_SELECTOR = YES;
				GCC_WARN_UNINITIALIZED_AUTOS = YES_AGGRESSIVE;
				GCC_WARN_UNUSED_FUNCTION = YES;
				GCC_WARN_UNUSED_VARIABLE = YES;
				IPHONEOS_DEPLOYMENT_TARGET = 13.2;
				MTL_ENABLE_DEBUG_INFO = INCLUDE_SOURCE;
				MTL_FAST_MATH = YES;
				ONLY_ACTIVE_ARCH = YES;
				SDKROOT = iphoneos;
				SWIFT_ACTIVE_COMPILATION_CONDITIONS = DEBUG;
				SWIFT_OPTIMIZATION_LEVEL = "-Onone";
			};
			name = Debug;
		};
		6343B5C1258103DC005F8B49 /* Release */ = {
			isa = XCBuildConfiguration;
			buildSettings = {
				ALWAYS_SEARCH_USER_PATHS = NO;
				CLANG_ANALYZER_NONNULL = YES;
				CLANG_ANALYZER_NUMBER_OBJECT_CONVERSION = YES_AGGRESSIVE;
				CLANG_CXX_LANGUAGE_STANDARD = "gnu++14";
				CLANG_CXX_LIBRARY = "libc++";
				CLANG_ENABLE_MODULES = YES;
				CLANG_ENABLE_OBJC_ARC = YES;
				CLANG_ENABLE_OBJC_WEAK = YES;
				CLANG_WARN_BLOCK_CAPTURE_AUTORELEASING = YES;
				CLANG_WARN_BOOL_CONVERSION = YES;
				CLANG_WARN_COMMA = YES;
				CLANG_WARN_CONSTANT_CONVERSION = YES;
				CLANG_WARN_DEPRECATED_OBJC_IMPLEMENTATIONS = YES;
				CLANG_WARN_DIRECT_OBJC_ISA_USAGE = YES_ERROR;
				CLANG_WARN_DOCUMENTATION_COMMENTS = YES;
				CLANG_WARN_EMPTY_BODY = YES;
				CLANG_WARN_ENUM_CONVERSION = YES;
				CLANG_WARN_INFINITE_RECURSION = YES;
				CLANG_WARN_INT_CONVERSION = YES;
				CLANG_WARN_NON_LITERAL_NULL_CONVERSION = YES;
				CLANG_WARN_OBJC_IMPLICIT_RETAIN_SELF = YES;
				CLANG_WARN_OBJC_LITERAL_CONVERSION = YES;
				CLANG_WARN_OBJC_ROOT_CLASS = YES_ERROR;
				CLANG_WARN_RANGE_LOOP_ANALYSIS = YES;
				CLANG_WARN_STRICT_PROTOTYPES = YES;
				CLANG_WARN_SUSPICIOUS_MOVE = YES;
				CLANG_WARN_UNGUARDED_AVAILABILITY = YES_AGGRESSIVE;
				CLANG_WARN_UNREACHABLE_CODE = YES;
				CLANG_WARN__DUPLICATE_METHOD_MATCH = YES;
				COPY_PHASE_STRIP = NO;
				DEBUG_INFORMATION_FORMAT = "dwarf-with-dsym";
				ENABLE_NS_ASSERTIONS = NO;
				ENABLE_STRICT_OBJC_MSGSEND = YES;
				GCC_C_LANGUAGE_STANDARD = gnu11;
				GCC_NO_COMMON_BLOCKS = YES;
				GCC_WARN_64_TO_32_BIT_CONVERSION = YES;
				GCC_WARN_ABOUT_RETURN_TYPE = YES_ERROR;
				GCC_WARN_UNDECLARED_SELECTOR = YES;
				GCC_WARN_UNINITIALIZED_AUTOS = YES_AGGRESSIVE;
				GCC_WARN_UNUSED_FUNCTION = YES;
				GCC_WARN_UNUSED_VARIABLE = YES;
				IPHONEOS_DEPLOYMENT_TARGET = 13.2;
				MTL_ENABLE_DEBUG_INFO = NO;
				MTL_FAST_MATH = YES;
				SDKROOT = iphoneos;
				SWIFT_COMPILATION_MODE = wholemodule;
				SWIFT_OPTIMIZATION_LEVEL = "-O";
				VALIDATE_PRODUCT = YES;
			};
			name = Release;
		};
		6343B5C3258103DC005F8B49 /* Debug */ = {
			isa = XCBuildConfiguration;
			buildSettings = {
				ASSETCATALOG_COMPILER_APPICON_NAME = AppIcon;
				CODE_SIGN_STYLE = Automatic;
				DEVELOPMENT_TEAM = B3KLBR624F;
				INFOPLIST_FILE = "toDoList(\"Tasks\")/Info.plist";
				LD_RUNPATH_SEARCH_PATHS = (
					"$(inherited)",
					"@executable_path/Frameworks",
				);
				PRODUCT_BUNDLE_IDENTIFIER = "com.swift.SergeyGolenko.toDoList--Tasks--";
				PRODUCT_NAME = "$(TARGET_NAME)";
				SWIFT_VERSION = 5.0;
				TARGETED_DEVICE_FAMILY = "1,2";
			};
			name = Debug;
		};
		6343B5C4258103DC005F8B49 /* Release */ = {
			isa = XCBuildConfiguration;
			buildSettings = {
				ASSETCATALOG_COMPILER_APPICON_NAME = AppIcon;
				CODE_SIGN_STYLE = Automatic;
				DEVELOPMENT_TEAM = B3KLBR624F;
				INFOPLIST_FILE = "toDoList(\"Tasks\")/Info.plist";
				LD_RUNPATH_SEARCH_PATHS = (
					"$(inherited)",
					"@executable_path/Frameworks",
				);
				PRODUCT_BUNDLE_IDENTIFIER = "com.swift.SergeyGolenko.toDoList--Tasks--";
				PRODUCT_NAME = "$(TARGET_NAME)";
				SWIFT_VERSION = 5.0;
				TARGETED_DEVICE_FAMILY = "1,2";
			};
			name = Release;
		};
/* End XCBuildConfiguration section */

/* Begin XCConfigurationList section */
		6343B5A9258103D7005F8B49 /* Build configuration list for PBXProject "toDoList("Tasks")" */ = {
			isa = XCConfigurationList;
			buildConfigurations = (
				6343B5C0258103DC005F8B49 /* Debug */,
				6343B5C1258103DC005F8B49 /* Release */,
			);
			defaultConfigurationIsVisible = 0;
			defaultConfigurationName = Release;
		};
		6343B5C2258103DC005F8B49 /* Build configuration list for PBXNativeTarget "toDoList("Tasks")" */ = {
			isa = XCConfigurationList;
			buildConfigurations = (
				6343B5C3258103DC005F8B49 /* Debug */,
				6343B5C4258103DC005F8B49 /* Release */,
			);
			defaultConfigurationIsVisible = 0;
			defaultConfigurationName = Release;
		};
/* End XCConfigurationList section */
	};
	rootObject = 6343B5A6258103D7005F8B49 /* Project object */;
}
